
Microsoft Visual Studio Solution File, Format Version 12.00
# Visual Studio Version 17
VisualStudioVersion = 17.11.35303.130
MinimumVisualStudioVersion = 10.0.40219.1
Project("{FAE04EC0-301F-11D3-BF4B-00C04F79EFBC}") = "BookCipher", "BookCipher.csproj", "{6A591589-D1CC-4706-9098-A4AC7854DD7D}"
EndProject
Global
	GlobalSection(SolutionConfigurationPlatforms) = preSolution
		Debug|ARM64 = Debug|ARM64
		Debug|x64 = Debug|x64
		Debug|x86 = Debug|x86
		Release|ARM64 = Release|ARM64
		Release|x64 = Release|x64
		Release|x86 = Release|x86
	EndGlobalSection
	GlobalSection(ProjectConfigurationPlatforms) = postSolution
		{6A591589-D1CC-4706-9098-A4AC7854DD7D}.Debug|ARM64.ActiveCfg = Debug|ARM64
		{6A591589-D1CC-4706-9098-A4AC7854DD7D}.Debug|ARM64.Build.0 = Debug|ARM64
		{6A591589-D1CC-4706-9098-A4AC7854DD7D}.Debug|ARM64.Deploy.0 = Debug|ARM64
		{6A591589-D1CC-4706-9098-A4AC7854DD7D}.Debug|x64.ActiveCfg = Debug|x64
		{6A591589-D1CC-4706-9098-A4AC7854DD7D}.Debug|x64.Build.0 = Debug|x64
		{6A591589-D1CC-4706-9098-A4AC7854DD7D}.Debug|x64.Deploy.0 = Debug|x64
		{6A591589-D1CC-4706-9098-A4AC7854DD7D}.Debug|x86.ActiveCfg = Debug|x86
		{6A591589-D1CC-4706-9098-A4AC7854DD7D}.Debug|x86.Build.0 = Debug|x86
		{6A591589-D1CC-4706-9098-A4AC7854DD7D}.Debug|x86.Deploy.0 = Debug|x86
		{6A591589-D1CC-4706-9098-A4AC7854DD7D}.Release|ARM64.ActiveCfg = Release|ARM64
		{6A591589-D1CC-4706-9098-A4AC7854DD7D}.Release|ARM64.Build.0 = Release|ARM64
		{6A591589-D1CC-4706-9098-A4AC7854DD7D}.Release|ARM64.Deploy.0 = Release|ARM64
		{6A591589-D1CC-4706-9098-A4AC7854DD7D}.Release|x64.ActiveCfg = Release|x64
		{6A591589-D1CC-4706-9098-A4AC7854DD7D}.Release|x64.Build.0 = Release|x64
		{6A591589-D1CC-4706-9098-A4AC7854DD7D}.Release|x64.Deploy.0 = Release|x64
		{6A591589-D1CC-4706-9098-A4AC7854DD7D}.Release|x86.ActiveCfg = Release|x86
		{6A591589-D1CC-4706-9098-A4AC7854DD7D}.Release|x86.Build.0 = Release|x86
		{6A591589-D1CC-4706-9098-A4AC7854DD7D}.Release|x86.Deploy.0 = Release|x86
	EndGlobalSection
	GlobalSection(SolutionProperties) = preSolution
		HideSolutionNode = FALSE
	EndGlobalSection
	GlobalSection(ExtensibilityGlobals) = postSolution
		SolutionGuid = {2466F41E-DCA2-4E31-9057-EF1646D729E4}
	EndGlobalSection
EndGlobal
